
Microsoft Visual Studio Solution File, Format Version 12.00
# Visual Studio Version 17
VisualStudioVersion = 17.3.32922.545
MinimumVisualStudioVersion = 10.0.40219.1
Project("{FAE04EC0-301F-11D3-BF4B-00C04F79EFBC}") = "Lesson_Massive_2x", "Lesson_Massive_2x\Lesson_Massive_2x.csproj", "{FED30F7F-9DA0-4381-B218-F4BA4E3EB573}"
EndProject
Global
	GlobalSection(SolutionConfigurationPlatforms) = preSolution
		Debug|Any CPU = Debug|Any CPU
		Release|Any CPU = Release|Any CPU
	EndGlobalSection
	GlobalSection(ProjectConfigurationPlatforms) = postSolution
		{FED30F7F-9DA0-4381-B218-F4BA4E3EB573}.Debug|Any CPU.ActiveCfg = Debug|Any CPU
		{FED30F7F-9DA0-4381-B218-F4BA4E3EB573}.Debug|Any CPU.Build.0 = Debug|Any CPU
		{FED30F7F-9DA0-4381-B218-F4BA4E3EB573}.Release|Any CPU.ActiveCfg = Release|Any CPU
		{FED30F7F-9DA0-4381-B218-F4BA4E3EB573}.Release|Any CPU.Build.0 = Release|Any CPU
	EndGlobalSection
	GlobalSection(SolutionProperties) = preSolution
		HideSolutionNode = FALSE
	EndGlobalSection
	GlobalSection(ExtensibilityGlobals) = postSolution
		SolutionGuid = {D9463DBA-008F-4B35-8E3A-E547909B5AA5}
	EndGlobalSection
EndGlobal
